
Microsoft Visual Studio Solution File, Format Version 11.00
# Visual C++ Express 2010
Project("{8BC9CEB8-8B4A-11D0-8D11-00A0C91BC942}") = "UtHMath", "UtHMath\UtHMath.vcxproj", "{D47010E0-4D44-43A5-93F7-21241CCA7D7D}"
EndProject
Global
	GlobalSection(SolutionConfigurationPlatforms) = preSolution
		Debug|Win32 = Debug|Win32
		Release|Win32 = Release|Win32
	EndGlobalSection
	GlobalSection(ProjectConfigurationPlatforms) = postSolution
		{D47010E0-4D44-43A5-93F7-21241CCA7D7D}.Debug|Win32.ActiveCfg = Debug|Win32
		{D47010E0-4D44-43A5-93F7-21241CCA7D7D}.Debug|Win32.Build.0 = Debug|Win32
		{D47010E0-4D44-43A5-93F7-21241CCA7D7D}.Release|Win32.ActiveCfg = Release|Win32
		{D47010E0-4D44-43A5-93F7-21241CCA7D7D}.Release|Win32.Build.0 = Release|Win32
	EndGlobalSection
	GlobalSection(SolutionProperties) = preSolution
		HideSolutionNode = FALSE
	EndGlobalSection
EndGlobal
