<?xml version="1.0" encoding="utf-8"?>
<Project ToolsVersion="4.0" xmlns="http://schemas.microsoft.com/developer/msbuild/2003">
  <ItemGroup>
    <Filter Include="Source Files">
      <UniqueIdentifier>{4FC737F1-C7A5-4376-A066-2A32D752A2FF}</UniqueIdentifier>
      <Extensions>cpp;c;cc;cxx;def;odl;idl;hpj;bat;asm;asmx</Extensions>
    </Filter>
    <Filter Include="Header Files">
      <UniqueIdentifier>{93995380-89BD-4b04-88EB-625FBE52EBFB}</UniqueIdentifier>
      <Extensions>h;hpp;hxx;hm;inl;inc;xsd</Extensions>
    </Filter>
    <Filter Include="Resource Files">
      <UniqueIdentifier>{67DA6AB6-F800-4c08-8B7A-83BB121AAD01}</UniqueIdentifier>
      <Extensions>rc;ico;cur;bmp;dlg;rc2;rct;bin;rgs;gif;jpg;jpeg;jpe;resx;tiff;tif;png;wav;mfcribbon-ms</Extensions>
    </Filter>
    <Filter Include="Source Files\Common">
      <UniqueIdentifier>{7e473aa5-cda1-49c9-9bea-10264237f40c}</UniqueIdentifier>
    </Filter>
    <Filter Include="Header Files\Common">
      <UniqueIdentifier>{2e6e0ede-7ed0-4f5b-82da-3506cca66d64}</UniqueIdentifier>
    </Filter>
    <Filter Include="tinyxlm2">
      <UniqueIdentifier>{38ee5733-c00a-405b-ad6f-93f64f7d6333}</UniqueIdentifier>
    </Filter>
  </ItemGroup>
  <ItemGroup>
    <ClInclude Include="..\..\include\UtH\Platform\Graphics.hpp">
      <Filter>Header Files</Filter>
    </ClInclude>
    <ClInclude Include="..\..\include\UtH\Platform\WindowSettings.hpp">
      <Filter>Header Files</Filter>
    </ClInclude>
    <ClInclude Include="..\..\include\UtH\Platform\Singleton.hpp">
      <Filter>Header Files</Filter>
    </ClInclude>
    <ClInclude Include="..\..\include\UtH\Platform\Uncopyable.hpp">
      <Filter>Header Files</Filter>
    </ClInclude>
    <ClInclude Include="..\..\include\UtH\Platform\Configuration.hpp">
      <Filter>Header Files</Filter>
    </ClInclude>
    <ClInclude Include="..\..\include\UtH\Platform\OpenGL.hpp">
      <Filter>Header Files</Filter>
    </ClInclude>
    <ClInclude Include="..\..\include\UtH\Platform\OGLCheck.hpp">
      <Filter>Header Files</Filter>
    </ClInclude>
    <ClInclude Include="..\..\include\UtH\Platform\Enums.hpp">
      <Filter>Header Files</Filter>
    </ClInclude>
    <ClInclude Include="..\..\include\UtH\Platform\HiResTimer.hpp">
      <Filter>Header Files</Filter>
    </ClInclude>
    <ClInclude Include="..\..\include\UtH\Platform\Debug.hpp">
      <Filter>Header Files</Filter>
    </ClInclude>
    <ClInclude Include="..\..\include\UtH\Platform\Typedefs.hpp">
      <Filter>Header Files</Filter>
    </ClInclude>
    <ClInclude Include="..\..\include\UtH\Platform\Window.hpp">
      <Filter>Header Files</Filter>
    </ClInclude>
    <ClInclude Include="..\..\include\UtH\Platform\Input.hpp">
      <Filter>Header Files</Filter>
    </ClInclude>
    <ClInclude Include="..\..\include\UtH\Platform\Common\CommonWindowImpl.hpp">
      <Filter>Header Files\Common</Filter>
    </ClInclude>
    <ClInclude Include="..\..\include\UtH\Platform\Common\InputBase.hpp">
      <Filter>Header Files\Common</Filter>
    </ClInclude>
    <ClInclude Include="..\..\include\UtH\Platform\Common\InputCommon.hpp">
      <Filter>Header Files\Common</Filter>
    </ClInclude>
    <ClInclude Include="..\..\include\UtH\Platform\InputEnums.hpp">
      <Filter>Header Files\Common</Filter>
    </ClInclude>
    <ClInclude Include="..\..\include\UtH\Platform\Common\InputKeyboard.hpp">
      <Filter>Header Files\Common</Filter>
    </ClInclude>
    <ClInclude Include="..\..\include\UtH\Platform\Common\InputMouse.hpp">
      <Filter>Header Files\Common</Filter>
    </ClInclude>
    <ClInclude Include="..\..\include\UtH\Platform\Common\InputTouch.hpp">
      <Filter>Header Files\Common</Filter>
    </ClInclude>
    <ClInclude Include="..\..\include\UtH\Platform\BinaryData.hpp">
      <Filter>Header Files</Filter>
    </ClInclude>
    <ClInclude Include="..\..\include\UtH\Platform\Common\InputSensor.hpp">
      <Filter>Header Files\Common</Filter>
    </ClInclude>
    <ClInclude Include="..\..\include\UtH\Platform\Platform.hpp">
      <Filter>Header Files</Filter>
    </ClInclude>
    <ClInclude Include="..\..\include\UtH\Platform\Common\InputController.hpp">
      <Filter>Header Files\Common</Filter>
    </ClInclude>
    <ClInclude Include="..\..\include\UtH\Platform\Common\ControllerEnums.hpp">
      <Filter>Header Files\Common</Filter>
    </ClInclude>
    <ClInclude Include="..\..\include\UtH\Platform\Common\FileManager.hpp">
      <Filter>Header Files\Common</Filter>
    </ClInclude>
    <ClInclude Include="..\..\include\UtH\Platform\JavaFunctions.hpp">
      <Filter>Header Files</Filter>
    </ClInclude>
    <ClInclude Include="..\..\include\UtH\Platform\Common\JavaFunctions.hpp">
      <Filter>Header Files\Common</Filter>
    </ClInclude>
    <ClInclude Include="..\..\include\UtH\Platform\FileManager.hpp">
      <Filter>Header Files</Filter>
    </ClInclude>
  </ItemGroup>
  <ItemGroup>
    <ClCompile Include="..\..\src\Platform\OGLCheck.cpp">
      <Filter>Source Files</Filter>
    </ClCompile>
    <ClCompile Include="..\..\src\Platform\Graphics.cpp">
      <Filter>Source Files</Filter>
    </ClCompile>
    <ClCompile Include="..\..\src\Platform\HiResTimer.cpp">
      <Filter>Source Files</Filter>
    </ClCompile>
    <ClCompile Include="..\..\src\Platform\Window.cpp">
      <Filter>Source Files</Filter>
    </ClCompile>
    <ClCompile Include="..\..\src\Platform\Input.cpp">
      <Filter>Source Files</Filter>
    </ClCompile>
    <ClCompile Include="..\..\src\Platform\Common\CommonWindowImpl.cpp">
      <Filter>Source Files\Common</Filter>
    </ClCompile>
    <ClCompile Include="..\..\src\Platform\Common\InputBase.cpp">
      <Filter>Source Files\Common</Filter>
    </ClCompile>
    <ClCompile Include="..\..\src\Platform\Common\InputCommon.cpp">
      <Filter>Source Files\Common</Filter>
    </ClCompile>
    <ClCompile Include="..\..\src\Platform\Common\InputKeyboard.cpp">
      <Filter>Source Files\Common</Filter>
    </ClCompile>
    <ClCompile Include="..\..\src\Platform\Common\InputMouse.cpp">
      <Filter>Source Files\Common</Filter>
    </ClCompile>
    <ClCompile Include="..\..\src\Platform\Common\InputTouch.cpp">
      <Filter>Source Files\Common</Filter>
    </ClCompile>
    <ClCompile Include="..\..\src\Platform\Common\InputSensor.cpp">
      <Filter>Source Files\Common</Filter>
    </ClCompile>
    <ClCompile Include="..\..\src\Platform\Debug.cpp">
      <Filter>Source Files</Filter>
    </ClCompile>
    <ClCompile Include="..\..\src\Platform\Common\InputController.cpp">
      <Filter>Source Files\Common</Filter>
    </ClCompile>
    <ClCompile Include="..\..\src\Platform\Common\FileManager.cpp">
      <Filter>Source Files\Common</Filter>
    </ClCompile>
    <ClCompile Include="..\..\src\Platform\Common\JavaFunctions.cpp">
      <Filter>Source Files\Common</Filter>
    </ClCompile>
    <ClCompile Include="..\..\ext\lib\tinyxml2\src\tinyxml2.cpp">
      <Filter>tinyxlm2</Filter>
    </ClCompile>
  </ItemGroup>
</Project>