<?xml version="1.0" encoding="utf-8"?>
<Project ToolsVersion="4.0" xmlns="http://schemas.microsoft.com/developer/msbuild/2003">
  <ItemGroup>
    <Filter Include="Source Files">
      <UniqueIdentifier>{4FC737F1-C7A5-4376-A066-2A32D752A2FF}</UniqueIdentifier>
      <Extensions>cpp;c;cc;cxx;def;odl;idl;hpj;bat;asm;asmx</Extensions>
    </Filter>
    <Filter Include="Header Files">
      <UniqueIdentifier>{93995380-89BD-4b04-88EB-625FBE52EBFB}</UniqueIdentifier>
      <Extensions>h;hpp;hxx;hm;inl;inc;xsd</Extensions>
    </Filter>
    <Filter Include="Resource Files">
      <UniqueIdentifier>{67DA6AB6-F800-4c08-8B7A-83BB121AAD01}</UniqueIdentifier>
      <Extensions>rc;ico;cur;bmp;dlg;rc2;rct;bin;rgs;gif;jpg;jpeg;jpe;resx;tiff;tif;png;wav;mfcribbon-ms</Extensions>
    </Filter>
    <Filter Include="Header Files\TMX">
      <UniqueIdentifier>{081a3ee2-7e44-419b-b60e-bf1b81f712d4}</UniqueIdentifier>
    </Filter>
    <Filter Include="Header Files\Particles">
      <UniqueIdentifier>{3854cd31-3855-4615-bde9-d40a29340c8c}</UniqueIdentifier>
    </Filter>
    <Filter Include="Source Files\TMX">
      <UniqueIdentifier>{3226967a-6f9f-4cc2-8b4f-070c40a628c1}</UniqueIdentifier>
    </Filter>
    <Filter Include="Source Files\Particles">
      <UniqueIdentifier>{027d4475-81ca-4dec-9081-2a57d01e9f66}</UniqueIdentifier>
    </Filter>
  </ItemGroup>
  <ItemGroup>
    <ClCompile Include="..\..\src\Engine\Scene.cpp">
      <Filter>Source Files</Filter>
    </ClCompile>
    <ClCompile Include="..\..\src\Engine\UtHEngine.cpp">
      <Filter>Source Files</Filter>
    </ClCompile>
    <ClCompile Include="..\..\src\Engine\SceneManager.cpp">
      <Filter>Source Files</Filter>
    </ClCompile>
    <ClCompile Include="..\..\src\Engine\Sprite.cpp">
      <Filter>Source Files</Filter>
    </ClCompile>
    <ClCompile Include="..\..\src\Engine\Component.cpp">
      <Filter>Source Files</Filter>
    </ClCompile>
    <ClCompile Include="..\..\src\Engine\GameObject.cpp">
      <Filter>Source Files</Filter>
    </ClCompile>
    <ClCompile Include="..\..\src\Engine\Transform.cpp">
      <Filter>Source Files</Filter>
    </ClCompile>
    <ClCompile Include="..\..\src\Engine\DefaultScene.cpp">
      <Filter>Source Files</Filter>
    </ClCompile>
    <ClCompile Include="..\..\src\Engine\Text.cpp">
      <Filter>Source Files</Filter>
    </ClCompile>
    <ClCompile Include="..\..\src\Engine\Layer.cpp">
      <Filter>Source Files</Filter>
    </ClCompile>
    <ClCompile Include="..\..\src\Engine\Rigidbody.cpp">
      <Filter>Source Files</Filter>
    </ClCompile>
    <ClCompile Include="..\..\src\Engine\AnimatedSprite.cpp">
      <Filter>Source Files</Filter>
    </ClCompile>
    <ClCompile Include="..\..\src\Engine\SpriteBatch.cpp">
      <Filter>Source Files</Filter>
    </ClCompile>
    <ClCompile Include="..\..\src\Engine\TMX\Map.cpp">
      <Filter>Source Files\TMX</Filter>
    </ClCompile>
    <ClCompile Include="..\..\src\Engine\Particles\ParticleSystem.cpp">
      <Filter>Source Files\Particles</Filter>
    </ClCompile>
    <ClCompile Include="..\..\src\Engine\TMX\Tileset.cpp">
      <Filter>Source Files\TMX</Filter>
    </ClCompile>
    <ClCompile Include="..\..\src\Engine\Particles\ParticleTemplate.cpp">
      <Filter>Source Files\Particles</Filter>
    </ClCompile>
    <ClCompile Include="..\..\src\Engine\TMX\Tile.cpp">
      <Filter>Source Files\TMX</Filter>
    </ClCompile>
    <ClCompile Include="..\..\src\Engine\TMX\TileLayer.cpp">
      <Filter>Source Files\TMX</Filter>
    </ClCompile>
  </ItemGroup>
  <ItemGroup>
    <ClInclude Include="..\..\include\UtH\Engine\Scene.hpp">
      <Filter>Header Files</Filter>
    </ClInclude>
    <ClInclude Include="..\..\include\UtH\Engine\SceneManager.hpp">
      <Filter>Header Files</Filter>
    </ClInclude>
    <ClInclude Include="..\..\include\UtH\Engine\UtHEngine.h">
      <Filter>Header Files</Filter>
    </ClInclude>
    <ClInclude Include="..\..\include\UtH\Engine\Sprite.hpp">
      <Filter>Header Files</Filter>
    </ClInclude>
    <ClInclude Include="..\..\include\UtH\Engine\Component.hpp">
      <Filter>Header Files</Filter>
    </ClInclude>
    <ClInclude Include="..\..\include\UtH\Engine\GameObject.hpp">
      <Filter>Header Files</Filter>
    </ClInclude>
    <ClInclude Include="..\..\include\UtH\Engine\Transform.hpp">
      <Filter>Header Files</Filter>
    </ClInclude>
    <ClInclude Include="..\..\include\UtH\Engine\DefaultScene.hpp">
      <Filter>Header Files</Filter>
    </ClInclude>
    <ClInclude Include="..\..\include\UtH\Engine\Text.hpp">
      <Filter>Header Files</Filter>
    </ClInclude>
    <ClInclude Include="..\..\include\UtH\Engine\Layer.hpp">
      <Filter>Header Files</Filter>
    </ClInclude>
    <ClInclude Include="..\..\include\UtH\Engine\Rigidbody.hpp">
      <Filter>Header Files</Filter>
    </ClInclude>
    <ClInclude Include="..\..\include\UtH\Engine\AnimatedSprite.hpp">
      <Filter>Header Files</Filter>
    </ClInclude>
    <ClInclude Include="..\..\include\UtH\Engine\SpriteBatch.hpp">
      <Filter>Header Files</Filter>
    </ClInclude>
    <ClInclude Include="..\..\include\UtH\Engine\TMX\Tile.hpp">
      <Filter>Header Files\TMX</Filter>
    </ClInclude>
    <ClInclude Include="..\..\include\UtH\Engine\Particles\Affector.hpp">
      <Filter>Header Files\Particles</Filter>
    </ClInclude>
    <ClInclude Include="..\..\include\UtH\Engine\TMX\Tileset.hpp">
      <Filter>Header Files\TMX</Filter>
    </ClInclude>
    <ClInclude Include="..\..\include\UtH\Engine\Particles\ParticleSystem.hpp">
      <Filter>Header Files\Particles</Filter>
    </ClInclude>
    <ClInclude Include="..\..\include\UtH\Engine\Particles\ParticleTemplate.hpp">
      <Filter>Header Files\Particles</Filter>
    </ClInclude>
    <ClInclude Include="..\..\include\UtH\Engine\TMX\Map.hpp">
      <Filter>Header Files\TMX</Filter>
    </ClInclude>
    <ClInclude Include="..\..\include\UtH\Engine\Particles\Particle.hpp">
      <Filter>Header Files\Particles</Filter>
    </ClInclude>
    <ClInclude Include="..\..\include\UtH\Engine\TMX\Object.hpp">
      <Filter>Header Files\TMX</Filter>
    </ClInclude>
    <ClInclude Include="..\..\include\UtH\Engine\TMX\ObjectGroup.hpp">
      <Filter>Header Files\TMX</Filter>
    </ClInclude>
    <ClInclude Include="..\..\include\UtH\Engine\TMX\Enums.hpp">
      <Filter>Header Files\TMX</Filter>
    </ClInclude>
    <ClInclude Include="..\..\include\UtH\Engine\TMX\TileLayer.hpp">
      <Filter>Header Files\TMX</Filter>
    </ClInclude>
  </ItemGroup>
  <ItemGroup>
    <None Include="..\..\include\UtH\Engine\Scenes.inl">
      <Filter>Header Files</Filter>
    </None>
  </ItemGroup>
</Project>